Microsoft Visual Studio Solution File, Format Version 12.00
# Visual Studio 15
VisualStudioVersion = 15.0.28307.106
MinimumVisualStudioVersion = 10.0.40219.1
Project("{9A19103F-16F7-4668-BE54-9A1E7A4F7556}") = "CombineAlarmSummaryAndHistory", "CombineAlarmSummaryAndHistory.csproj", "{5D6DBFF5-F752-FD02-8A03-00C51DDB92A5}"
EndProject
Global
    GlobalSection(SolutionConfigurationPlatforms) = preSolution
        Debug|Any CPU = Debug|Any CPU
        Release|Any CPU = Release|Any CPU
    EndGlobalSection
    GlobalSection(ProjectConfigurationPlatforms) = postSolution
        {5D6DBFF5-F752-FD02-8A03-00C51DDB92A5}.Debug|Any CPU.ActiveCfg = Debug|Any CPU
        {5D6DBFF5-F752-FD02-8A03-00C51DDB92A5}.Debug|Any CPU.Build.0 = Debug|Any CPU
        {5D6DBFF5-F752-FD02-8A03-00C51DDB92A5}.Release|Any CPU.ActiveCfg = Release|Any CPU
        {5D6DBFF5-F752-FD02-8A03-00C51DDB92A5}.Release|Any CPU.Build.0 = Release|Any CPU
    EndGlobalSection
    GlobalSection(SolutionProperties) = preSolution
        HideSolutionNode = FALSE
    EndGlobalSection
EndGlobal
